{
  "name": "ajs-13-library",
  "version": "1.0.1",
  "lockfileVersion": 1,
  "requires": true,
  "dependencies": {
    "@nenakhov-maxim/ajs-13": {
      "version": "1.0.2",
      "resolved": "https://npm.pkg.github.com/download/@nenakhov-maxim/ajs-13/1.0.2/536e91e46940d4b5cf5827a41b8ba0bc3d830441a7fda2a6c755a1f031d9a305",
      "integrity": "sha512-bIGuxCisJKz1/Rwkv67Sdym09unCBYIVywBEOH926Xj7Sy7aYCA30xYwKespoupS1Zh7ayNmFJ2WG/A38rWmtQ=="
    }
  }
}
